
Microsoft Visual Studio Solution File, Format Version 12.00
# Visual Studio Version 17
VisualStudioVersion = 17.9.34728.123
MinimumVisualStudioVersion = 10.0.40219.1
Project("{FAE04EC0-301F-11D3-BF4B-00C04F79EFBC}") = "AMST4_Carousel2", "AMST4_Carousel2\AMST4_Carousel2.csproj", "{32ECEFF9-ED56-40CF-B10B-79489C837575}"
EndProject
Global
	GlobalSection(SolutionConfigurationPlatforms) = preSolution
		Debug|Any CPU = Debug|Any CPU
		Release|Any CPU = Release|Any CPU
	EndGlobalSection
	GlobalSection(ProjectConfigurationPlatforms) = postSolution
		{32ECEFF9-ED56-40CF-B10B-79489C837575}.Debug|Any CPU.ActiveCfg = Debug|Any CPU
		{32ECEFF9-ED56-40CF-B10B-79489C837575}.Debug|Any CPU.Build.0 = Debug|Any CPU
		{32ECEFF9-ED56-40CF-B10B-79489C837575}.Release|Any CPU.ActiveCfg = Release|Any CPU
		{32ECEFF9-ED56-40CF-B10B-79489C837575}.Release|Any CPU.Build.0 = Release|Any CPU
	EndGlobalSection
	GlobalSection(SolutionProperties) = preSolution
		HideSolutionNode = FALSE
	EndGlobalSection
	GlobalSection(ExtensibilityGlobals) = postSolution
		SolutionGuid = {D7D33288-A324-4125-A3F9-D0A0C1AA2A2D}
	EndGlobalSection
EndGlobal
